// !$*UTF8*$!
{
	archiveVersion = 1;
	classes = {
	};
	objectVersion = 48;
	objects = {

/* Begin PBXBuildFile section */
		2321D2641FE11407004AAD0D /* AdvanceCRUDTests.swift in Sources */ = {isa = PBXBuildFile; fileRef = 2321D2631FE11407004AAD0D /* AdvanceCRUDTests.swift */; };
		233CED761FDFF5FD00A3B143 /* DatabaseTests.swift in Sources */ = {isa = PBXBuildFile; fileRef = 233CED751FDFF5FD00A3B143 /* DatabaseTests.swift */; };
		2345C0E51FDFCD3B00C1434E /* UpdateInterfaceTests.swift in Sources */ = {isa = PBXBuildFile; fileRef = 2345C0E41FDFCD3B00C1434E /* UpdateInterfaceTests.swift */; };
		2345C0EA1FDFCE1000C1434E /* SelectInterfaceTests.swift in Sources */ = {isa = PBXBuildFile; fileRef = 2345C0E91FDFCE1000C1434E /* SelectInterfaceTests.swift */; };
		2345C0ED1FDFD2D000C1434E /* InsertInterfaceTests.swift in Sources */ = {isa = PBXBuildFile; fileRef = 2345C0EC1FDFD2D000C1434E /* InsertInterfaceTests.swift */; };
		2345C0F01FDFD2D900C1434E /* DeleteInterfaceTests.swift in Sources */ = {isa = PBXBuildFile; fileRef = 2345C0EF1FDFD2D900C1434E /* DeleteInterfaceTests.swift */; };
		23516C141FD033DB00B465DD /* Config.swift in Sources */ = {isa = PBXBuildFile; fileRef = 23516B611FCFA31300B465DD /* Config.swift */; };
		23516C151FD033DB00B465DD /* RandomData.swift in Sources */ = {isa = PBXBuildFile; fileRef = 23516B661FCFA57000B465DD /* RandomData.swift */; };
		23516C161FD033DB00B465DD /* BaseBenchmark.swift in Sources */ = {isa = PBXBuildFile; fileRef = 23516B751FCFAD4900B465DD /* BaseBenchmark.swift */; };
		23516C171FD033DB00B465DD /* BenchmarkObject.swift in Sources */ = {isa = PBXBuildFile; fileRef = 23516B771FCFAF0700B465DD /* BenchmarkObject.swift */; };
		23516C181FD033DB00B465DD /* BaselineReadBenchmark.swift in Sources */ = {isa = PBXBuildFile; fileRef = 23516B5B1FCFA23A00B465DD /* BaselineReadBenchmark.swift */; };
		23516C191FD033DB00B465DD /* BaselineWriteBenchmark.swift in Sources */ = {isa = PBXBuildFile; fileRef = 23516B7C1FCFBC1000B465DD /* BaselineWriteBenchmark.swift */; };
		23516C1A1FD033DB00B465DD /* BaselineBatchWriteBenchmark.swift in Sources */ = {isa = PBXBuildFile; fileRef = 23516B7E1FCFBC4200B465DD /* BaselineBatchWriteBenchmark.swift */; };
		23516C1B1FD033DB00B465DD /* CipherReadBenchmark.swift in Sources */ = {isa = PBXBuildFile; fileRef = 23516B801FCFE32100B465DD /* CipherReadBenchmark.swift */; };
		23516C1C1FD033DB00B465DD /* CipherWriteBenchmark.swift in Sources */ = {isa = PBXBuildFile; fileRef = 23516B811FCFE32200B465DD /* CipherWriteBenchmark.swift */; };
		23516C1D1FD033DB00B465DD /* MultithreadReadWriteBenchmark.swift in Sources */ = {isa = PBXBuildFile; fileRef = 23516B991FCFE50300B465DD /* MultithreadReadWriteBenchmark.swift */; };
		23516C1E1FD033DB00B465DD /* MultithreadWriteWriteBenchmark.swift in Sources */ = {isa = PBXBuildFile; fileRef = 23516B9A1FCFE50300B465DD /* MultithreadWriteWriteBenchmark.swift */; };
		23516C1F1FD033DB00B465DD /* MultithreadReadReadBenchmark.swift in Sources */ = {isa = PBXBuildFile; fileRef = 23516B971FCFE4D800B465DD /* MultithreadReadReadBenchmark.swift */; };
		23516C201FD033DB00B465DD /* BaseMultithreadBenchmark.swift in Sources */ = {isa = PBXBuildFile; fileRef = 23516BA31FCFE8E700B465DD /* BaseMultithreadBenchmark.swift */; };
		23516C211FD033DB00B465DD /* InitializationBenchmark.swift in Sources */ = {isa = PBXBuildFile; fileRef = 23516B8A1FCFE3ED00B465DD /* InitializationBenchmark.swift */; };
		23516C221FD033DB00B465DD /* SyncWriteBenchmark.swift in Sources */ = {isa = PBXBuildFile; fileRef = 23516B8B1FCFE3ED00B465DD /* SyncWriteBenchmark.swift */; };
		23516C231FD033DB00B465DD /* BaseTestCase.swift in Sources */ = {isa = PBXBuildFile; fileRef = 235169EE1FCEE65F00B465DD /* BaseTestCase.swift */; };
		23516C241FD033DB00B465DD /* Assert.swift in Sources */ = {isa = PBXBuildFile; fileRef = 2310C5FB1FCBB5D40030F3D3 /* Assert.swift */; };
		23516C251FD033DB00B465DD /* Convenience.swift in Sources */ = {isa = PBXBuildFile; fileRef = 235169B21FCEE28E00B465DD /* Convenience.swift */; };
		23516C261FD033F000B465DD /* AdvanceTests.swift in Sources */ = {isa = PBXBuildFile; fileRef = 235169FD1FCEE7CF00B465DD /* AdvanceTests.swift */; };
		23516C281FD033F000B465DD /* CRUDObject.swift in Sources */ = {isa = PBXBuildFile; fileRef = 235169FF1FCEE7CF00B465DD /* CRUDObject.swift */; };
		23516C291FD033F000B465DD /* CRUDTestCase.swift in Sources */ = {isa = PBXBuildFile; fileRef = 23516A001FCEE7CF00B465DD /* CRUDTestCase.swift */; };
		23516C2A1FD033F000B465DD /* DeleteTests.swift in Sources */ = {isa = PBXBuildFile; fileRef = 23516A011FCEE7CF00B465DD /* DeleteTests.swift */; };
		23516C2B1FD033F000B465DD /* InsertTests.swift in Sources */ = {isa = PBXBuildFile; fileRef = 23516A021FCEE7CF00B465DD /* InsertTests.swift */; };
		23516C2C1FD033F000B465DD /* MultiSelectTests.swift in Sources */ = {isa = PBXBuildFile; fileRef = 23516A031FCEE7CF00B465DD /* MultiSelectTests.swift */; };
		23516C2D1FD033F000B465DD /* RowSelectTests.swift in Sources */ = {isa = PBXBuildFile; fileRef = 23516A041FCEE7CF00B465DD /* RowSelectTests.swift */; };
		23516C2E1FD033F000B465DD /* SelectTests.swift in Sources */ = {isa = PBXBuildFile; fileRef = 23516A051FCEE7CF00B465DD /* SelectTests.swift */; };
		23516C2F1FD033F000B465DD /* TableTests.swift in Sources */ = {isa = PBXBuildFile; fileRef = 23516A061FCEE7CF00B465DD /* TableTests.swift */; };
		23516C301FD033F000B465DD /* TransactionTests.swift in Sources */ = {isa = PBXBuildFile; fileRef = 23516A071FCEE7CF00B465DD /* TransactionTests.swift */; };
		23516C311FD033F000B465DD /* UpdateTests.swift in Sources */ = {isa = PBXBuildFile; fileRef = 23516A081FCEE7CF00B465DD /* UpdateTests.swift */; };
		23516C321FD033F400B465DD /* ColumnConstraintBindingTests.swift in Sources */ = {isa = PBXBuildFile; fileRef = 23516A0A1FCEE7CF00B465DD /* ColumnConstraintBindingTests.swift */; };
		23516C331FD033F400B465DD /* TableConstraintBindingTests.swift in Sources */ = {isa = PBXBuildFile; fileRef = 23516A0B1FCEE7CF00B465DD /* TableConstraintBindingTests.swift */; };
		23516C341FD033F400B465DD /* IndexBindingTests.swift in Sources */ = {isa = PBXBuildFile; fileRef = 23516A0C1FCEE7CF00B465DD /* IndexBindingTests.swift */; };
		23516C3A1FD033F400B465DD /* VirtualTableBindingTests.swift in Sources */ = {isa = PBXBuildFile; fileRef = 23516A121FCEE7CF00B465DD /* VirtualTableBindingTests.swift */; };
		23516C3B1FD033F900B465DD /* FileTests.swift in Sources */ = {isa = PBXBuildFile; fileRef = 23516A141FCEE7CF00B465DD /* FileTests.swift */; };
		23516C3C1FD033F900B465DD /* RepairTests.swift in Sources */ = {isa = PBXBuildFile; fileRef = 23516A151FCEE7CF00B465DD /* RepairTests.swift */; };
		23516C3D1FD033F900B465DD /* TracerTests.swift in Sources */ = {isa = PBXBuildFile; fileRef = 23516A161FCEE7CF00B465DD /* TracerTests.swift */; };
		23516C411FD0340100B465DD /* ColumnDefTests.swift in Sources */ = {isa = PBXBuildFile; fileRef = 23516A181FCEE7CF00B465DD /* ColumnDefTests.swift */; };
		23516C421FD0340100B465DD /* ColumnIndexTests.swift in Sources */ = {isa = PBXBuildFile; fileRef = 23516A191FCEE7CF00B465DD /* ColumnIndexTests.swift */; };
		23516C431FD0340100B465DD /* ColumnResultTests.swift in Sources */ = {isa = PBXBuildFile; fileRef = 23516A1A1FCEE7CF00B465DD /* ColumnResultTests.swift */; };
		23516C441FD0340100B465DD /* ColumnTests.swift in Sources */ = {isa = PBXBuildFile; fileRef = 23516A1B1FCEE7CF00B465DD /* ColumnTests.swift */; };
		23516C451FD0340100B465DD /* ColumnTypeTests.swift in Sources */ = {isa = PBXBuildFile; fileRef = 23516A1C1FCEE7CF00B465DD /* ColumnTypeTests.swift */; };
		23516C461FD0340100B465DD /* ConflictTests.swift in Sources */ = {isa = PBXBuildFile; fileRef = 23516A1D1FCEE7CF00B465DD /* ConflictTests.swift */; };
		23516C471FD0340100B465DD /* ExpresssionTests.swift in Sources */ = {isa = PBXBuildFile; fileRef = 23516A1E1FCEE7CF00B465DD /* ExpresssionTests.swift */; };
		23516C481FD0340100B465DD /* ForeignKeyTests.swift in Sources */ = {isa = PBXBuildFile; fileRef = 23516A1F1FCEE7CF00B465DD /* ForeignKeyTests.swift */; };
		23516C491FD0340100B465DD /* JoinClauseTests.swift in Sources */ = {isa = PBXBuildFile; fileRef = 23516A201FCEE7CF00B465DD /* JoinClauseTests.swift */; };
		23516C4A1FD0340100B465DD /* LiteralValueTests.swift in Sources */ = {isa = PBXBuildFile; fileRef = 23516A211FCEE7CF00B465DD /* LiteralValueTests.swift */; };
		23516C4B1FD0340100B465DD /* ModuleArgumentTests.swift in Sources */ = {isa = PBXBuildFile; fileRef = 23516A221FCEE7CF00B465DD /* ModuleArgumentTests.swift */; };
		23516C4C1FD0340100B465DD /* OrderTermTests.swift in Sources */ = {isa = PBXBuildFile; fileRef = 23516A231FCEE7CF00B465DD /* OrderTermTests.swift */; };
		23516C4D1FD0340100B465DD /* OrderTests.swift in Sources */ = {isa = PBXBuildFile; fileRef = 23516A241FCEE7CF00B465DD /* OrderTests.swift */; };
		23516C4E1FD0340100B465DD /* StatementAlterTableTests.swift in Sources */ = {isa = PBXBuildFile; fileRef = 23516A251FCEE7CF00B465DD /* StatementAlterTableTests.swift */; };
		23516C4F1FD0340100B465DD /* StatementAttachTests.swift in Sources */ = {isa = PBXBuildFile; fileRef = 23516A261FCEE7CF00B465DD /* StatementAttachTests.swift */; };
		23516C501FD0340100B465DD /* StatementCreateIndexTests.swift in Sources */ = {isa = PBXBuildFile; fileRef = 23516A271FCEE7CF00B465DD /* StatementCreateIndexTests.swift */; };
		23516C511FD0340100B465DD /* StatementCreateTableTests.swift in Sources */ = {isa = PBXBuildFile; fileRef = 23516A281FCEE7CF00B465DD /* StatementCreateTableTests.swift */; };
		23516C521FD0340100B465DD /* StatementCreateVirtualTableTests.swift in Sources */ = {isa = PBXBuildFile; fileRef = 23516A291FCEE7CF00B465DD /* StatementCreateVirtualTableTests.swift */; };
		23516C531FD0340100B465DD /* StatementDeleteTests.swift in Sources */ = {isa = PBXBuildFile; fileRef = 23516A2A1FCEE7CF00B465DD /* StatementDeleteTests.swift */; };
		23516C541FD0340100B465DD /* StatementDetachTests.swift in Sources */ = {isa = PBXBuildFile; fileRef = 23516A2B1FCEE7CF00B465DD /* StatementDetachTests.swift */; };
		23516C551FD0340100B465DD /* StatementDropIndexTests.swift in Sources */ = {isa = PBXBuildFile; fileRef = 23516A2C1FCEE7CF00B465DD /* StatementDropIndexTests.swift */; };
		23516C561FD0340100B465DD /* StatementDropTableTests.swift in Sources */ = {isa = PBXBuildFile; fileRef = 23516A2D1FCEE7CF00B465DD /* StatementDropTableTests.swift */; };
		23516C571FD0340100B465DD /* StatementExplainTests.swift in Sources */ = {isa = PBXBuildFile; fileRef = 23516A2E1FCEE7CF00B465DD /* StatementExplainTests.swift */; };
		23516C581FD0340100B465DD /* StatementInsertTests.swift in Sources */ = {isa = PBXBuildFile; fileRef = 23516A2F1FCEE7CF00B465DD /* StatementInsertTests.swift */; };
		23516C591FD0340100B465DD /* StatementPragmaTests.swift in Sources */ = {isa = PBXBuildFile; fileRef = 23516A301FCEE7CF00B465DD /* StatementPragmaTests.swift */; };
		23516C5A1FD0340100B465DD /* StatementReindexTests.swift in Sources */ = {isa = PBXBuildFile; fileRef = 23516A311FCEE7CF00B465DD /* StatementReindexTests.swift */; };
		23516C5B1FD0340100B465DD /* StatementReleaseTests.swift in Sources */ = {isa = PBXBuildFile; fileRef = 23516A321FCEE7CF00B465DD /* StatementReleaseTests.swift */; };
		23516C5C1FD0340100B465DD /* StatementRollbackTests.swift in Sources */ = {isa = PBXBuildFile; fileRef = 23516A331FCEE7CF00B465DD /* StatementRollbackTests.swift */; };
		23516C5D1FD0340100B465DD /* StatementSavepointTests.swift in Sources */ = {isa = PBXBuildFile; fileRef = 23516A341FCEE7CF00B465DD /* StatementSavepointTests.swift */; };
		23516C5E1FD0340100B465DD /* StatementSelectTests.swift in Sources */ = {isa = PBXBuildFile; fileRef = 23516A351FCEE7CF00B465DD /* StatementSelectTests.swift */; };
		23516C5F1FD0340100B465DD /* StatementTransactionTests.swift in Sources */ = {isa = PBXBuildFile; fileRef = 23516A361FCEE7CF00B465DD /* StatementTransactionTests.swift */; };
		23516C601FD0340100B465DD /* StatementUpdateTests.swift in Sources */ = {isa = PBXBuildFile; fileRef = 23516A371FCEE7CF00B465DD /* StatementUpdateTests.swift */; };
		23516C611FD0340100B465DD /* StatementVacuumTests.swift in Sources */ = {isa = PBXBuildFile; fileRef = 23516A381FCEE7CF00B465DD /* StatementVacuumTests.swift */; };
		23516C621FD0340100B465DD /* SubqueryTests.swift in Sources */ = {isa = PBXBuildFile; fileRef = 23516A391FCEE7CF00B465DD /* SubqueryTests.swift */; };
		23516C631FD0340100B465DD /* TableConstraintTests.swift in Sources */ = {isa = PBXBuildFile; fileRef = 23516A3A1FCEE7CF00B465DD /* TableConstraintTests.swift */; };
		23516C641FD0340500B465DD /* BaseTestCase.swift in Sources */ = {isa = PBXBuildFile; fileRef = 235169EE1FCEE65F00B465DD /* BaseTestCase.swift */; };
		23516C651FD0340500B465DD /* Assert.swift in Sources */ = {isa = PBXBuildFile; fileRef = 2310C5FB1FCBB5D40030F3D3 /* Assert.swift */; };
		23516C661FD0340500B465DD /* Convenience.swift in Sources */ = {isa = PBXBuildFile; fileRef = 235169B21FCEE28E00B465DD /* Convenience.swift */; };
		23B996DF1FDAB57400B0AF2E /* WCDBSwift.framework in Frameworks */ = {isa = PBXBuildFile; fileRef = 23B996D91FDAB52200B0AF2E /* WCDBSwift.framework */; };
		23B996EE1FDAB59700B0AF2E /* WCDBSwift.framework in Frameworks */ = {isa = PBXBuildFile; fileRef = 23B996D91FDAB52200B0AF2E /* WCDBSwift.framework */; };
		23C78C111FE1502C00E64D75 /* MultithreadTests.swift in Sources */ = {isa = PBXBuildFile; fileRef = 23C78C101FE1502C00E64D75 /* MultithreadTests.swift */; };
		23C8E0001FD7FB1800DAE97D /* TypedTests.swift in Sources */ = {isa = PBXBuildFile; fileRef = 23C8DFFF1FD7FB1700DAE97D /* TypedTests.swift */; };
/* End PBXBuildFile section */

/* Begin PBXContainerItemProxy section */
		23B996D81FDAB52200B0AF2E /* PBXContainerItemProxy */ = {
			isa = PBXContainerItemProxy;
			containerPortal = 23B996D31FDAB52200B0AF2E /* WCDB.swift.xcodeproj */;
			proxyType = 2;
			remoteGlobalIDString = 238D0B031FAB1F4300BC2659;
			remoteInfo = WCDB.swift;
		};
		23B996DD1FDAB57200B0AF2E /* PBXContainerItemProxy */ = {
			isa = PBXContainerItemProxy;
			containerPortal = 23B996D31FDAB52200B0AF2E /* WCDB.swift.xcodeproj */;
			proxyType = 1;
			remoteGlobalIDString = 238D0B021FAB1F4300BC2659;
			remoteInfo = WCDB.swift;
		};
		23B996EC1FDAB59400B0AF2E /* PBXContainerItemProxy */ = {
			isa = PBXContainerItemProxy;
			containerPortal = 23B996D31FDAB52200B0AF2E /* WCDB.swift.xcodeproj */;
			proxyType = 1;
			remoteGlobalIDString = 238D0B021FAB1F4300BC2659;
			remoteInfo = WCDB.swift;
		};
/* End PBXContainerItemProxy section */

/* Begin PBXFileReference section */
		2310C5FB1FCBB5D40030F3D3 /* Assert.swift */ = {isa = PBXFileReference; fileEncoding = 4; lastKnownFileType = sourcecode.swift; path = Assert.swift; sourceTree = "<group>"; };
		2321D2631FE11407004AAD0D /* AdvanceCRUDTests.swift */ = {isa = PBXFileReference; lastKnownFileType = sourcecode.swift; path = AdvanceCRUDTests.swift; sourceTree = "<group>"; };
		233CED751FDFF5FD00A3B143 /* DatabaseTests.swift */ = {isa = PBXFileReference; lastKnownFileType = sourcecode.swift; path = DatabaseTests.swift; sourceTree = "<group>"; };
		2345C0E41FDFCD3B00C1434E /* UpdateInterfaceTests.swift */ = {isa = PBXFileReference; lastKnownFileType = sourcecode.swift; path = UpdateInterfaceTests.swift; sourceTree = "<group>"; };
		2345C0E91FDFCE1000C1434E /* SelectInterfaceTests.swift */ = {isa = PBXFileReference; lastKnownFileType = sourcecode.swift; path = SelectInterfaceTests.swift; sourceTree = "<group>"; };
		2345C0EC1FDFD2D000C1434E /* InsertInterfaceTests.swift */ = {isa = PBXFileReference; lastKnownFileType = sourcecode.swift; path = InsertInterfaceTests.swift; sourceTree = "<group>"; };
		2345C0EF1FDFD2D900C1434E /* DeleteInterfaceTests.swift */ = {isa = PBXFileReference; lastKnownFileType = sourcecode.swift; path = DeleteInterfaceTests.swift; sourceTree = "<group>"; };
		235169B21FCEE28E00B465DD /* Convenience.swift */ = {isa = PBXFileReference; lastKnownFileType = sourcecode.swift; path = Convenience.swift; sourceTree = "<group>"; };
		235169EE1FCEE65F00B465DD /* BaseTestCase.swift */ = {isa = PBXFileReference; fileEncoding = 4; lastKnownFileType = sourcecode.swift; path = BaseTestCase.swift; sourceTree = "<group>"; };
		235169FD1FCEE7CF00B465DD /* AdvanceTests.swift */ = {isa = PBXFileReference; fileEncoding = 4; lastKnownFileType = sourcecode.swift; path = AdvanceTests.swift; sourceTree = "<group>"; };
		235169FF1FCEE7CF00B465DD /* CRUDObject.swift */ = {isa = PBXFileReference; fileEncoding = 4; lastKnownFileType = sourcecode.swift; path = CRUDObject.swift; sourceTree = "<group>"; };
		23516A001FCEE7CF00B465DD /* CRUDTestCase.swift */ = {isa = PBXFileReference; fileEncoding = 4; lastKnownFileType = sourcecode.swift; path = CRUDTestCase.swift; sourceTree = "<group>"; };
		23516A011FCEE7CF00B465DD /* DeleteTests.swift */ = {isa = PBXFileReference; fileEncoding = 4; lastKnownFileType = sourcecode.swift; path = DeleteTests.swift; sourceTree = "<group>"; };
		23516A021FCEE7CF00B465DD /* InsertTests.swift */ = {isa = PBXFileReference; fileEncoding = 4; lastKnownFileType = sourcecode.swift; path = InsertTests.swift; sourceTree = "<group>"; };
		23516A031FCEE7CF00B465DD /* MultiSelectTests.swift */ = {isa = PBXFileReference; fileEncoding = 4; lastKnownFileType = sourcecode.swift; path = MultiSelectTests.swift; sourceTree = "<group>"; };
		23516A041FCEE7CF00B465DD /* RowSelectTests.swift */ = {isa = PBXFileReference; fileEncoding = 4; lastKnownFileType = sourcecode.swift; path = RowSelectTests.swift; sourceTree = "<group>"; };
		23516A051FCEE7CF00B465DD /* SelectTests.swift */ = {isa = PBXFileReference; fileEncoding = 4; lastKnownFileType = sourcecode.swift; path = SelectTests.swift; sourceTree = "<group>"; };
		23516A061FCEE7CF00B465DD /* TableTests.swift */ = {isa = PBXFileReference; fileEncoding = 4; lastKnownFileType = sourcecode.swift; path = TableTests.swift; sourceTree = "<group>"; };
		23516A071FCEE7CF00B465DD /* TransactionTests.swift */ = {isa = PBXFileReference; fileEncoding = 4; lastKnownFileType = sourcecode.swift; path = TransactionTests.swift; sourceTree = "<group>"; };
		23516A081FCEE7CF00B465DD /* UpdateTests.swift */ = {isa = PBXFileReference; fileEncoding = 4; lastKnownFileType = sourcecode.swift; path = UpdateTests.swift; sourceTree = "<group>"; };
		23516A0A1FCEE7CF00B465DD /* ColumnConstraintBindingTests.swift */ = {isa = PBXFileReference; fileEncoding = 4; lastKnownFileType = sourcecode.swift; path = ColumnConstraintBindingTests.swift; sourceTree = "<group>"; };
		23516A0B1FCEE7CF00B465DD /* TableConstraintBindingTests.swift */ = {isa = PBXFileReference; fileEncoding = 4; lastKnownFileType = sourcecode.swift; path = TableConstraintBindingTests.swift; sourceTree = "<group>"; };
		23516A0C1FCEE7CF00B465DD /* IndexBindingTests.swift */ = {isa = PBXFileReference; fileEncoding = 4; lastKnownFileType = sourcecode.swift; path = IndexBindingTests.swift; sourceTree = "<group>"; };
		23516A121FCEE7CF00B465DD /* VirtualTableBindingTests.swift */ = {isa = PBXFileReference; fileEncoding = 4; lastKnownFileType = sourcecode.swift; path = VirtualTableBindingTests.swift; sourceTree = "<group>"; };
		23516A141FCEE7CF00B465DD /* FileTests.swift */ = {isa = PBXFileReference; fileEncoding = 4; lastKnownFileType = sourcecode.swift; path = FileTests.swift; sourceTree = "<group>"; };
		23516A151FCEE7CF00B465DD /* RepairTests.swift */ = {isa = PBXFileReference; fileEncoding = 4; lastKnownFileType = sourcecode.swift; path = RepairTests.swift; sourceTree = "<group>"; };
		23516A161FCEE7CF00B465DD /* TracerTests.swift */ = {isa = PBXFileReference; fileEncoding = 4; lastKnownFileType = sourcecode.swift; path = TracerTests.swift; sourceTree = "<group>"; };
		23516A181FCEE7CF00B465DD /* ColumnDefTests.swift */ = {isa = PBXFileReference; fileEncoding = 4; lastKnownFileType = sourcecode.swift; path = ColumnDefTests.swift; sourceTree = "<group>"; };
		23516A191FCEE7CF00B465DD /* ColumnIndexTests.swift */ = {isa = PBXFileReference; fileEncoding = 4; lastKnownFileType = sourcecode.swift; path = ColumnIndexTests.swift; sourceTree = "<group>"; };
		23516A1A1FCEE7CF00B465DD /* ColumnResultTests.swift */ = {isa = PBXFileReference; fileEncoding = 4; lastKnownFileType = sourcecode.swift; path = ColumnResultTests.swift; sourceTree = "<group>"; };
		23516A1B1FCEE7CF00B465DD /* ColumnTests.swift */ = {isa = PBXFileReference; fileEncoding = 4; lastKnownFileType = sourcecode.swift; path = ColumnTests.swift; sourceTree = "<group>"; };
		23516A1C1FCEE7CF00B465DD /* ColumnTypeTests.swift */ = {isa = PBXFileReference; fileEncoding = 4; lastKnownFileType = sourcecode.swift; path = ColumnTypeTests.swift; sourceTree = "<group>"; };
		23516A1D1FCEE7CF00B465DD /* ConflictTests.swift */ = {isa = PBXFileReference; fileEncoding = 4; lastKnownFileType = sourcecode.swift; path = ConflictTests.swift; sourceTree = "<group>"; };
		23516A1E1FCEE7CF00B465DD /* ExpresssionTests.swift */ = {isa = PBXFileReference; fileEncoding = 4; lastKnownFileType = sourcecode.swift; path = ExpresssionTests.swift; sourceTree = "<group>"; };
		23516A1F1FCEE7CF00B465DD /* ForeignKeyTests.swift */ = {isa = PBXFileReference; fileEncoding = 4; lastKnownFileType = sourcecode.swift; path = ForeignKeyTests.swift; sourceTree = "<group>"; };
		23516A201FCEE7CF00B465DD /* JoinClauseTests.swift */ = {isa = PBXFileReference; fileEncoding = 4; lastKnownFileType = sourcecode.swift; path = JoinClauseTests.swift; sourceTree = "<group>"; };
		23516A211FCEE7CF00B465DD /* LiteralValueTests.swift */ = {isa = PBXFileReference; fileEncoding = 4; lastKnownFileType = sourcecode.swift; path = LiteralValueTests.swift; sourceTree = "<group>"; };
		23516A221FCEE7CF00B465DD /* ModuleArgumentTests.swift */ = {isa = PBXFileReference; fileEncoding = 4; lastKnownFileType = sourcecode.swift; path = ModuleArgumentTests.swift; sourceTree = "<group>"; };
		23516A231FCEE7CF00B465DD /* OrderTermTests.swift */ = {isa = PBXFileReference; fileEncoding = 4; lastKnownFileType = sourcecode.swift; path = OrderTermTests.swift; sourceTree = "<group>"; };
		23516A241FCEE7CF00B465DD /* OrderTests.swift */ = {isa = PBXFileReference; fileEncoding = 4; lastKnownFileType = sourcecode.swift; path = OrderTests.swift; sourceTree = "<group>"; };
		23516A251FCEE7CF00B465DD /* StatementAlterTableTests.swift */ = {isa = PBXFileReference; fileEncoding = 4; lastKnownFileType = sourcecode.swift; path = StatementAlterTableTests.swift; sourceTree = "<group>"; };
		23516A261FCEE7CF00B465DD /* StatementAttachTests.swift */ = {isa = PBXFileReference; fileEncoding = 4; lastKnownFileType = sourcecode.swift; path = StatementAttachTests.swift; sourceTree = "<group>"; };
		23516A271FCEE7CF00B465DD /* StatementCreateIndexTests.swift */ = {isa = PBXFileReference; fileEncoding = 4; lastKnownFileType = sourcecode.swift; path = StatementCreateIndexTests.swift; sourceTree = "<group>"; };
		23516A281FCEE7CF00B465DD /* StatementCreateTableTests.swift */ = {isa = PBXFileReference; fileEncoding = 4; lastKnownFileType = sourcecode.swift; path = StatementCreateTableTests.swift; sourceTree = "<group>"; };
		23516A291FCEE7CF00B465DD /* StatementCreateVirtualTableTests.swift */ = {isa = PBXFileReference; fileEncoding = 4; lastKnownFileType = sourcecode.swift; path = StatementCreateVirtualTableTests.swift; sourceTree = "<group>"; };
		23516A2A1FCEE7CF00B465DD /* StatementDeleteTests.swift */ = {isa = PBXFileReference; fileEncoding = 4; lastKnownFileType = sourcecode.swift; path = StatementDeleteTests.swift; sourceTree = "<group>"; };
		23516A2B1FCEE7CF00B465DD /* StatementDetachTests.swift */ = {isa = PBXFileReference; fileEncoding = 4; lastKnownFileType = sourcecode.swift; path = StatementDetachTests.swift; sourceTree = "<group>"; };
		23516A2C1FCEE7CF00B465DD /* StatementDropIndexTests.swift */ = {isa = PBXFileReference; fileEncoding = 4; lastKnownFileType = sourcecode.swift; path = StatementDropIndexTests.swift; sourceTree = "<group>"; };
		23516A2D1FCEE7CF00B465DD /* StatementDropTableTests.swift */ = {isa = PBXFileReference; fileEncoding = 4; lastKnownFileType = sourcecode.swift; path = StatementDropTableTests.swift; sourceTree = "<group>"; };
		23516A2E1FCEE7CF00B465DD /* StatementExplainTests.swift */ = {isa = PBXFileReference; fileEncoding = 4; lastKnownFileType = sourcecode.swift; path = StatementExplainTests.swift; sourceTree = "<group>"; };
		23516A2F1FCEE7CF00B465DD /* StatementInsertTests.swift */ = {isa = PBXFileReference; fileEncoding = 4; lastKnownFileType = sourcecode.swift; path = StatementInsertTests.swift; sourceTree = "<group>"; };
		23516A301FCEE7CF00B465DD /* StatementPragmaTests.swift */ = {isa = PBXFileReference; fileEncoding = 4; lastKnownFileType = sourcecode.swift; path = StatementPragmaTests.swift; sourceTree = "<group>"; };
		23516A311FCEE7CF00B465DD /* StatementReindexTests.swift */ = {isa = PBXFileReference; fileEncoding = 4; lastKnownFileType = sourcecode.swift; path = StatementReindexTests.swift; sourceTree = "<group>"; };
		23516A321FCEE7CF00B465DD /* StatementReleaseTests.swift */ = {isa = PBXFileReference; fileEncoding = 4; lastKnownFileType = sourcecode.swift; path = StatementReleaseTests.swift; sourceTree = "<group>"; };
		23516A331FCEE7CF00B465DD /* StatementRollbackTests.swift */ = {isa = PBXFileReference; fileEncoding = 4; lastKnownFileType = sourcecode.swift; path = StatementRollbackTests.swift; sourceTree = "<group>"; };
		23516A341FCEE7CF00B465DD /* StatementSavepointTests.swift */ = {isa = PBXFileReference; fileEncoding = 4; lastKnownFileType = sourcecode.swift; path = StatementSavepointTests.swift; sourceTree = "<group>"; };
		23516A351FCEE7CF00B465DD /* StatementSelectTests.swift */ = {isa = PBXFileReference; fileEncoding = 4; lastKnownFileType = sourcecode.swift; path = StatementSelectTests.swift; sourceTree = "<group>"; };
		23516A361FCEE7CF00B465DD /* StatementTransactionTests.swift */ = {isa = PBXFileReference; fileEncoding = 4; lastKnownFileType = sourcecode.swift; path = StatementTransactionTests.swift; sourceTree = "<group>"; };
		23516A371FCEE7CF00B465DD /* StatementUpdateTests.swift */ = {isa = PBXFileReference; fileEncoding = 4; lastKnownFileType = sourcecode.swift; path = StatementUpdateTests.swift; sourceTree = "<group>"; };
		23516A381FCEE7CF00B465DD /* StatementVacuumTests.swift */ = {isa = PBXFileReference; fileEncoding = 4; lastKnownFileType = sourcecode.swift; path = StatementVacuumTests.swift; sourceTree = "<group>"; };
		23516A391FCEE7CF00B465DD /* SubqueryTests.swift */ = {isa = PBXFileReference; fileEncoding = 4; lastKnownFileType = sourcecode.swift; path = SubqueryTests.swift; sourceTree = "<group>"; };
		23516A3A1FCEE7CF00B465DD /* TableConstraintTests.swift */ = {isa = PBXFileReference; fileEncoding = 4; lastKnownFileType = sourcecode.swift; path = TableConstraintTests.swift; sourceTree = "<group>"; };
		23516B5B1FCFA23A00B465DD /* BaselineReadBenchmark.swift */ = {isa = PBXFileReference; lastKnownFileType = sourcecode.swift; path = BaselineReadBenchmark.swift; sourceTree = "<group>"; };
		23516B611FCFA31300B465DD /* Config.swift */ = {isa = PBXFileReference; lastKnownFileType = sourcecode.swift; path = Config.swift; sourceTree = "<group>"; };
		23516B661FCFA57000B465DD /* RandomData.swift */ = {isa = PBXFileReference; lastKnownFileType = sourcecode.swift; path = RandomData.swift; sourceTree = "<group>"; };
		23516B751FCFAD4900B465DD /* BaseBenchmark.swift */ = {isa = PBXFileReference; lastKnownFileType = sourcecode.swift; path = BaseBenchmark.swift; sourceTree = "<group>"; };
		23516B771FCFAF0700B465DD /* BenchmarkObject.swift */ = {isa = PBXFileReference; lastKnownFileType = sourcecode.swift; path = BenchmarkObject.swift; sourceTree = "<group>"; };
		23516B7C1FCFBC1000B465DD /* BaselineWriteBenchmark.swift */ = {isa = PBXFileReference; lastKnownFileType = sourcecode.swift; path = BaselineWriteBenchmark.swift; sourceTree = "<group>"; };
		23516B7E1FCFBC4200B465DD /* BaselineBatchWriteBenchmark.swift */ = {isa = PBXFileReference; lastKnownFileType = sourcecode.swift; path = BaselineBatchWriteBenchmark.swift; sourceTree = "<group>"; };
		23516B801FCFE32100B465DD /* CipherReadBenchmark.swift */ = {isa = PBXFileReference; fileEncoding = 4; lastKnownFileType = sourcecode.swift; path = CipherReadBenchmark.swift; sourceTree = "<group>"; };
		23516B811FCFE32200B465DD /* CipherWriteBenchmark.swift */ = {isa = PBXFileReference; fileEncoding = 4; lastKnownFileType = sourcecode.swift; path = CipherWriteBenchmark.swift; sourceTree = "<group>"; };
		23516B8A1FCFE3ED00B465DD /* InitializationBenchmark.swift */ = {isa = PBXFileReference; fileEncoding = 4; lastKnownFileType = sourcecode.swift; path = InitializationBenchmark.swift; sourceTree = "<group>"; };
		23516B8B1FCFE3ED00B465DD /* SyncWriteBenchmark.swift */ = {isa = PBXFileReference; fileEncoding = 4; lastKnownFileType = sourcecode.swift; path = SyncWriteBenchmark.swift; sourceTree = "<group>"; };
		23516B971FCFE4D800B465DD /* MultithreadReadReadBenchmark.swift */ = {isa = PBXFileReference; lastKnownFileType = sourcecode.swift; path = MultithreadReadReadBenchmark.swift; sourceTree = "<group>"; };
		23516B991FCFE50300B465DD /* MultithreadReadWriteBenchmark.swift */ = {isa = PBXFileReference; fileEncoding = 4; lastKnownFileType = sourcecode.swift; path = MultithreadReadWriteBenchmark.swift; sourceTree = "<group>"; };
		23516B9A1FCFE50300B465DD /* MultithreadWriteWriteBenchmark.swift */ = {isa = PBXFileReference; fileEncoding = 4; lastKnownFileType = sourcecode.swift; path = MultithreadWriteWriteBenchmark.swift; sourceTree = "<group>"; };
		23516BA31FCFE8E700B465DD /* BaseMultithreadBenchmark.swift */ = {isa = PBXFileReference; lastKnownFileType = sourcecode.swift; path = BaseMultithreadBenchmark.swift; sourceTree = "<group>"; };
		23516BE01FD033A900B465DD /* All Testcases.xctest */ = {isa = PBXFileReference; explicitFileType = wrapper.cfbundle; includeInIndex = 0; path = "All Testcases.xctest"; sourceTree = BUILT_PRODUCTS_DIR; };
		23516C121FD033B700B465DD /* All Benchmarks.xctest */ = {isa = PBXFileReference; explicitFileType = wrapper.cfbundle; includeInIndex = 0; path = "All Benchmarks.xctest"; sourceTree = BUILT_PRODUCTS_DIR; };
		23B996D31FDAB52200B0AF2E /* WCDB.swift.xcodeproj */ = {isa = PBXFileReference; lastKnownFileType = "wrapper.pb-project"; name = WCDB.swift.xcodeproj; path = ../WCDB.swift.xcodeproj; sourceTree = "<group>"; };
		23C78C101FE1502C00E64D75 /* MultithreadTests.swift */ = {isa = PBXFileReference; lastKnownFileType = sourcecode.swift; path = MultithreadTests.swift; sourceTree = "<group>"; };
		23C8DFFF1FD7FB1700DAE97D /* TypedTests.swift */ = {isa = PBXFileReference; fileEncoding = 4; lastKnownFileType = sourcecode.swift; path = TypedTests.swift; sourceTree = "<group>"; };
/* End PBXFileReference section */

/* Begin PBXFrameworksBuildPhase section */
		23516BDA1FD033A900B465DD /* Frameworks */ = {
			isa = PBXFrameworksBuildPhase;
			buildActionMask = 2147483647;
			files = (
				23B996DF1FDAB57400B0AF2E /* WCDBSwift.framework in Frameworks */,
			);
			runOnlyForDeploymentPostprocessing = 0;
		};
		23516C0C1FD033B700B465DD /* Frameworks */ = {
			isa = PBXFrameworksBuildPhase;
			buildActionMask = 2147483647;
			files = (
				23B996EE1FDAB59700B0AF2E /* WCDBSwift.framework in Frameworks */,
			);
			runOnlyForDeploymentPostprocessing = 0;
		};
/* End PBXFrameworksBuildPhase section */

/* Begin PBXGroup section */
		2310C5FA1FCBB5D40030F3D3 /* common */ = {
			isa = PBXGroup;
			children = (
				235169EE1FCEE65F00B465DD /* BaseTestCase.swift */,
				2310C5FB1FCBB5D40030F3D3 /* Assert.swift */,
				235169B21FCEE28E00B465DD /* Convenience.swift */,
			);
			path = common;
			sourceTree = "<group>";
		};
		235169FB1FCEE7CF00B465DD /* test */ = {
			isa = PBXGroup;
			children = (
				235169FC1FCEE7CF00B465DD /* crud */,
				23516A091FCEE7CF00B465DD /* orm */,
				23516A131FCEE7CF00B465DD /* other */,
				23516A171FCEE7CF00B465DD /* winq */,
			);
			path = test;
			sourceTree = "<group>";
		};
		235169FC1FCEE7CF00B465DD /* crud */ = {
			isa = PBXGroup;
			children = (
				23C8DFFF1FD7FB1700DAE97D /* TypedTests.swift */,
				235169FD1FCEE7CF00B465DD /* AdvanceTests.swift */,
				235169FF1FCEE7CF00B465DD /* CRUDObject.swift */,
				23516A001FCEE7CF00B465DD /* CRUDTestCase.swift */,
				23516A011FCEE7CF00B465DD /* DeleteTests.swift */,
				23516A021FCEE7CF00B465DD /* InsertTests.swift */,
				23516A031FCEE7CF00B465DD /* MultiSelectTests.swift */,
				23516A041FCEE7CF00B465DD /* RowSelectTests.swift */,
				23516A051FCEE7CF00B465DD /* SelectTests.swift */,
				23516A061FCEE7CF00B465DD /* TableTests.swift */,
				23516A071FCEE7CF00B465DD /* TransactionTests.swift */,
				23516A081FCEE7CF00B465DD /* UpdateTests.swift */,
				2345C0E41FDFCD3B00C1434E /* UpdateInterfaceTests.swift */,
				2345C0E91FDFCE1000C1434E /* SelectInterfaceTests.swift */,
				2345C0EC1FDFD2D000C1434E /* InsertInterfaceTests.swift */,
				2345C0EF1FDFD2D900C1434E /* DeleteInterfaceTests.swift */,
				233CED751FDFF5FD00A3B143 /* DatabaseTests.swift */,
				2321D2631FE11407004AAD0D /* AdvanceCRUDTests.swift */,
				23C78C101FE1502C00E64D75 /* MultithreadTests.swift */,
			);
			path = crud;
			sourceTree = "<group>";
		};
		23516A091FCEE7CF00B465DD /* orm */ = {
			isa = PBXGroup;
			children = (
				23516A0A1FCEE7CF00B465DD /* ColumnConstraintBindingTests.swift */,
				23516A0B1FCEE7CF00B465DD /* TableConstraintBindingTests.swift */,
				23516A0C1FCEE7CF00B465DD /* IndexBindingTests.swift */,
				23516A121FCEE7CF00B465DD /* VirtualTableBindingTests.swift */,
			);
			path = orm;
			sourceTree = "<group>";
		};
		23516A131FCEE7CF00B465DD /* other */ = {
			isa = PBXGroup;
			children = (
				23516A141FCEE7CF00B465DD /* FileTests.swift */,
				23516A151FCEE7CF00B465DD /* RepairTests.swift */,
				23516A161FCEE7CF00B465DD /* TracerTests.swift */,
			);
			path = other;
			sourceTree = "<group>";
		};
		23516A171FCEE7CF00B465DD /* winq */ = {
			isa = PBXGroup;
			children = (
				23516A181FCEE7CF00B465DD /* ColumnDefTests.swift */,
				23516A191FCEE7CF00B465DD /* ColumnIndexTests.swift */,
				23516A1A1FCEE7CF00B465DD /* ColumnResultTests.swift */,
				23516A1B1FCEE7CF00B465DD /* ColumnTests.swift */,
				23516A1C1FCEE7CF00B465DD /* ColumnTypeTests.swift */,
				23516A1D1FCEE7CF00B465DD /* ConflictTests.swift */,
				23516A1E1FCEE7CF00B465DD /* ExpresssionTests.swift */,
				23516A1F1FCEE7CF00B465DD /* ForeignKeyTests.swift */,
				23516A201FCEE7CF00B465DD /* JoinClauseTests.swift */,
				23516A211FCEE7CF00B465DD /* LiteralValueTests.swift */,
				23516A221FCEE7CF00B465DD /* ModuleArgumentTests.swift */,
				23516A231FCEE7CF00B465DD /* OrderTermTests.swift */,
				23516A241FCEE7CF00B465DD /* OrderTests.swift */,
				23516A251FCEE7CF00B465DD /* StatementAlterTableTests.swift */,
				23516A261FCEE7CF00B465DD /* StatementAttachTests.swift */,
				23516A271FCEE7CF00B465DD /* StatementCreateIndexTests.swift */,
				23516A281FCEE7CF00B465DD /* StatementCreateTableTests.swift */,
				23516A291FCEE7CF00B465DD /* StatementCreateVirtualTableTests.swift */,
				23516A2A1FCEE7CF00B465DD /* StatementDeleteTests.swift */,
				23516A2B1FCEE7CF00B465DD /* StatementDetachTests.swift */,
				23516A2C1FCEE7CF00B465DD /* StatementDropIndexTests.swift */,
				23516A2D1FCEE7CF00B465DD /* StatementDropTableTests.swift */,
				23516A2E1FCEE7CF00B465DD /* StatementExplainTests.swift */,
				23516A2F1FCEE7CF00B465DD /* StatementInsertTests.swift */,
				23516A301FCEE7CF00B465DD /* StatementPragmaTests.swift */,
				23516A311FCEE7CF00B465DD /* StatementReindexTests.swift */,
				23516A321FCEE7CF00B465DD /* StatementReleaseTests.swift */,
				23516A331FCEE7CF00B465DD /* StatementRollbackTests.swift */,
				23516A341FCEE7CF00B465DD /* StatementSavepointTests.swift */,
				23516A351FCEE7CF00B465DD /* StatementSelectTests.swift */,
				23516A361FCEE7CF00B465DD /* StatementTransactionTests.swift */,
				23516A371FCEE7CF00B465DD /* StatementUpdateTests.swift */,
				23516A381FCEE7CF00B465DD /* StatementVacuumTests.swift */,
				23516A391FCEE7CF00B465DD /* SubqueryTests.swift */,
				23516A3A1FCEE7CF00B465DD /* TableConstraintTests.swift */,
			);
			path = winq;
			sourceTree = "<group>";
		};
		23516A3B1FCEE7CF00B465DD /* benchmark */ = {
			isa = PBXGroup;
			children = (
				23516B601FCFA2DF00B465DD /* supporting */,
				23516A3C1FCEE7CF00B465DD /* baseline */,
				23516A3D1FCEE7CF00B465DD /* cipher */,
				23516A3E1FCEE7CF00B465DD /* multithread */,
				23516A3F1FCEE7CF00B465DD /* other */,
			);
			path = benchmark;
			sourceTree = "<group>";
		};
		23516A3C1FCEE7CF00B465DD /* baseline */ = {
			isa = PBXGroup;
			children = (
				23516B5B1FCFA23A00B465DD /* BaselineReadBenchmark.swift */,
				23516B7C1FCFBC1000B465DD /* BaselineWriteBenchmark.swift */,
				23516B7E1FCFBC4200B465DD /* BaselineBatchWriteBenchmark.swift */,
			);
			path = baseline;
			sourceTree = "<group>";
		};
		23516A3D1FCEE7CF00B465DD /* cipher */ = {
			isa = PBXGroup;
			children = (
				23516B801FCFE32100B465DD /* CipherReadBenchmark.swift */,
				23516B811FCFE32200B465DD /* CipherWriteBenchmark.swift */,
			);
			path = cipher;
			sourceTree = "<group>";
		};
		23516A3E1FCEE7CF00B465DD /* multithread */ = {
			isa = PBXGroup;
			children = (
				23516B991FCFE50300B465DD /* MultithreadReadWriteBenchmark.swift */,
				23516B9A1FCFE50300B465DD /* MultithreadWriteWriteBenchmark.swift */,
				23516B971FCFE4D800B465DD /* MultithreadReadReadBenchmark.swift */,
				23516BA31FCFE8E700B465DD /* BaseMultithreadBenchmark.swift */,
			);
			path = multithread;
			sourceTree = "<group>";
		};
		23516A3F1FCEE7CF00B465DD /* other */ = {
			isa = PBXGroup;
			children = (
				23516B8A1FCFE3ED00B465DD /* InitializationBenchmark.swift */,
				23516B8B1FCFE3ED00B465DD /* SyncWriteBenchmark.swift */,
			);
			path = other;
			sourceTree = "<group>";
		};
		23516B601FCFA2DF00B465DD /* supporting */ = {
			isa = PBXGroup;
			children = (
				23516B611FCFA31300B465DD /* Config.swift */,
				23516B661FCFA57000B465DD /* RandomData.swift */,
				23516B751FCFAD4900B465DD /* BaseBenchmark.swift */,
				23516B771FCFAF0700B465DD /* BenchmarkObject.swift */,
			);
			path = supporting;
			sourceTree = "<group>";
		};
		2377804E1FC414F600097D9F /* Frameworks */ = {
			isa = PBXGroup;
			children = (
			);
			name = Frameworks;
			sourceTree = "<group>";
		};
		23B996D41FDAB52200B0AF2E /* Products */ = {
			isa = PBXGroup;
			children = (
				23B996D91FDAB52200B0AF2E /* WCDBSwift.framework */,
			);
			name = Products;
			sourceTree = "<group>";
		};
		23E9E01E1FC4132D005DE71C = {
			isa = PBXGroup;
			children = (
				23B996D31FDAB52200B0AF2E /* WCDB.swift.xcodeproj */,
				23516A3B1FCEE7CF00B465DD /* benchmark */,
				235169FB1FCEE7CF00B465DD /* test */,
				2310C5FA1FCBB5D40030F3D3 /* common */,
				23E9E0281FC4132D005DE71C /* Products */,
				2377804E1FC414F600097D9F /* Frameworks */,
			);
			sourceTree = "<group>";
		};
		23E9E0281FC4132D005DE71C /* Products */ = {
			isa = PBXGroup;
			children = (
				23516BE01FD033A900B465DD /* All Testcases.xctest */,
				23516C121FD033B700B465DD /* All Benchmarks.xctest */,
			);
			name = Products;
			sourceTree = "<group>";
		};
/* End PBXGroup section */

/* Begin PBXNativeTarget section */
		23516BB01FD033A900B465DD /* All Testcases */ = {
			isa = PBXNativeTarget;
			buildConfigurationList = 23516BDD1FD033A900B465DD /* Build configuration list for PBXNativeTarget "All Testcases" */;
			buildPhases = (
				23516BB31FD033A900B465DD /* Sources */,
				23516BDA1FD033A900B465DD /* Frameworks */,
				23516BDC1FD033A900B465DD /* Resources */,
			);
			buildRules = (
			);
			dependencies = (
				23B996DE1FDAB57200B0AF2E /* PBXTargetDependency */,
			);
			name = "All Testcases";
			productName = Testcase1;
			productReference = 23516BE01FD033A900B465DD /* All Testcases.xctest */;
			productType = "com.apple.product-type.bundle.unit-test";
		};
		23516BE21FD033B700B465DD /* All Benchmarks */ = {
			isa = PBXNativeTarget;
			buildConfigurationList = 23516C0F1FD033B700B465DD /* Build configuration list for PBXNativeTarget "All Benchmarks" */;
			buildPhases = (
				23516BE51FD033B700B465DD /* Sources */,
				23516C0C1FD033B700B465DD /* Frameworks */,
				23516C0E1FD033B700B465DD /* Resources */,
			);
			buildRules = (
			);
			dependencies = (
				23B996ED1FDAB59400B0AF2E /* PBXTargetDependency */,
			);
			name = "All Benchmarks";
			productName = Testcase1;
			productReference = 23516C121FD033B700B465DD /* All Benchmarks.xctest */;
			productType = "com.apple.product-type.bundle.unit-test";
		};
/* End PBXNativeTarget section */

/* Begin PBXProject section */
		23E9E01F1FC4132D005DE71C /* Project object */ = {
			isa = PBXProject;
			attributes = {
				LastSwiftUpdateCheck = 0920;
				LastUpgradeCheck = 0920;
				ORGANIZATIONNAME = tencent;
				TargetAttributes = {
					23516BB01FD033A900B465DD = {
						ProvisioningStyle = Automatic;
					};
					23516BE21FD033B700B465DD = {
						ProvisioningStyle = Automatic;
					};
				};
			};
			buildConfigurationList = 23E9E0221FC4132D005DE71C /* Build configuration list for PBXProject "testcase" */;
			compatibilityVersion = "Xcode 8.0";
			developmentRegion = en;
			hasScannedForEncodings = 0;
			knownRegions = (
				en,
			);
			mainGroup = 23E9E01E1FC4132D005DE71C;
			productRefGroup = 23E9E0281FC4132D005DE71C /* Products */;
			projectDirPath = "";
			projectReferences = (
				{
					ProductGroup = 23B996D41FDAB52200B0AF2E /* Products */;
					ProjectRef = 23B996D31FDAB52200B0AF2E /* WCDB.swift.xcodeproj */;
				},
			);
			projectRoot = "";
			targets = (
				23516BB01FD033A900B465DD /* All Testcases */,
				23516BE21FD033B700B465DD /* All Benchmarks */,
			);
		};
/* End PBXProject section */

/* Begin PBXReferenceProxy section */
		23B996D91FDAB52200B0AF2E /* WCDBSwift.framework */ = {
			isa = PBXReferenceProxy;
			fileType = wrapper.framework;
			path = WCDBSwift.framework;
			remoteRef = 23B996D81FDAB52200B0AF2E /* PBXContainerItemProxy */;
			sourceTree = BUILT_PRODUCTS_DIR;
		};
/* End PBXReferenceProxy section */

/* Begin PBXResourcesBuildPhase section */
		23516BDC1FD033A900B465DD /* Resources */ = {
			isa = PBXResourcesBuildPhase;
			buildActionMask = 2147483647;
			files = (
			);
			runOnlyForDeploymentPostprocessing = 0;
		};
		23516C0E1FD033B700B465DD /* Resources */ = {
			isa = PBXResourcesBuildPhase;
			buildActionMask = 2147483647;
			files = (
			);
			runOnlyForDeploymentPostprocessing = 0;
		};
/* End PBXResourcesBuildPhase section */

/* Begin PBXSourcesBuildPhase section */
		23516BB31FD033A900B465DD /* Sources */ = {
			isa = PBXSourcesBuildPhase;
			buildActionMask = 2147483647;
			files = (
				23516C3D1FD033F900B465DD /* TracerTests.swift in Sources */,
				23516C661FD0340500B465DD /* Convenience.swift in Sources */,
				23516C2E1FD033F000B465DD /* SelectTests.swift in Sources */,
				23516C541FD0340100B465DD /* StatementDetachTests.swift in Sources */,
				23516C281FD033F000B465DD /* CRUDObject.swift in Sources */,
				2345C0E51FDFCD3B00C1434E /* UpdateInterfaceTests.swift in Sources */,
				23516C491FD0340100B465DD /* JoinClauseTests.swift in Sources */,
				23C78C111FE1502C00E64D75 /* MultithreadTests.swift in Sources */,
				23516C311FD033F000B465DD /* UpdateTests.swift in Sources */,
				23516C511FD0340100B465DD /* StatementCreateTableTests.swift in Sources */,
				23516C5F1FD0340100B465DD /* StatementTransactionTests.swift in Sources */,
				23516C601FD0340100B465DD /* StatementUpdateTests.swift in Sources */,
				2345C0ED1FDFD2D000C1434E /* InsertInterfaceTests.swift in Sources */,
				23516C521FD0340100B465DD /* StatementCreateVirtualTableTests.swift in Sources */,
				23516C3C1FD033F900B465DD /* RepairTests.swift in Sources */,
				23516C4A1FD0340100B465DD /* LiteralValueTests.swift in Sources */,
				23516C2A1FD033F000B465DD /* DeleteTests.swift in Sources */,
				23516C3B1FD033F900B465DD /* FileTests.swift in Sources */,
				23516C5E1FD0340100B465DD /* StatementSelectTests.swift in Sources */,
				23516C5A1FD0340100B465DD /* StatementReindexTests.swift in Sources */,
				23516C341FD033F400B465DD /* IndexBindingTests.swift in Sources */,
				2345C0F01FDFD2D900C1434E /* DeleteInterfaceTests.swift in Sources */,
				23516C611FD0340100B465DD /* StatementVacuumTests.swift in Sources */,
				23516C2D1FD033F000B465DD /* RowSelectTests.swift in Sources */,
				2345C0EA1FDFCE1000C1434E /* SelectInterfaceTests.swift in Sources */,
				23516C4D1FD0340100B465DD /* OrderTests.swift in Sources */,
				23516C5C1FD0340100B465DD /* StatementRollbackTests.swift in Sources */,
				233CED761FDFF5FD00A3B143 /* DatabaseTests.swift in Sources */,
				23516C2B1FD033F000B465DD /* InsertTests.swift in Sources */,
				23516C5B1FD0340100B465DD /* StatementReleaseTests.swift in Sources */,
				23516C551FD0340100B465DD /* StatementDropIndexTests.swift in Sources */,
				23516C591FD0340100B465DD /* StatementPragmaTests.swift in Sources */,
				23516C581FD0340100B465DD /* StatementInsertTests.swift in Sources */,
				23516C321FD033F400B465DD /* ColumnConstraintBindingTests.swift in Sources */,
				23516C4B1FD0340100B465DD /* ModuleArgumentTests.swift in Sources */,
				23516C3A1FD033F400B465DD /* VirtualTableBindingTests.swift in Sources */,
				23516C4F1FD0340100B465DD /* StatementAttachTests.swift in Sources */,
				2321D2641FE11407004AAD0D /* AdvanceCRUDTests.swift in Sources */,
				23516C621FD0340100B465DD /* SubqueryTests.swift in Sources */,
				23516C441FD0340100B465DD /* ColumnTests.swift in Sources */,
				23516C2C1FD033F000B465DD /* MultiSelectTests.swift in Sources */,
				23516C471FD0340100B465DD /* ExpresssionTests.swift in Sources */,
				23516C331FD033F400B465DD /* TableConstraintBindingTests.swift in Sources */,
				23516C561FD0340100B465DD /* StatementDropTableTests.swift in Sources */,
				23516C301FD033F000B465DD /* TransactionTests.swift in Sources */,
				23516C421FD0340100B465DD /* ColumnIndexTests.swift in Sources */,
				23516C481FD0340100B465DD /* ForeignKeyTests.swift in Sources */,
				23516C651FD0340500B465DD /* Assert.swift in Sources */,
				23516C261FD033F000B465DD /* AdvanceTests.swift in Sources */,
				23516C501FD0340100B465DD /* StatementCreateIndexTests.swift in Sources */,
				23C8E0001FD7FB1800DAE97D /* TypedTests.swift in Sources */,
				23516C4E1FD0340100B465DD /* StatementAlterTableTests.swift in Sources */,
				23516C461FD0340100B465DD /* ConflictTests.swift in Sources */,
				23516C431FD0340100B465DD /* ColumnResultTests.swift in Sources */,
				23516C531FD0340100B465DD /* StatementDeleteTests.swift in Sources */,
				23516C451FD0340100B465DD /* ColumnTypeTests.swift in Sources */,
				23516C571FD0340100B465DD /* StatementExplainTests.swift in Sources */,
				23516C641FD0340500B465DD /* BaseTestCase.swift in Sources */,
				23516C2F1FD033F000B465DD /* TableTests.swift in Sources */,
				23516C291FD033F000B465DD /* CRUDTestCase.swift in Sources */,
				23516C4C1FD0340100B465DD /* OrderTermTests.swift in Sources */,
				23516C5D1FD0340100B465DD /* StatementSavepointTests.swift in Sources */,
				23516C631FD0340100B465DD /* TableConstraintTests.swift in Sources */,
				23516C411FD0340100B465DD /* ColumnDefTests.swift in Sources */,
			);
			runOnlyForDeploymentPostprocessing = 0;
		};
		23516BE51FD033B700B465DD /* Sources */ = {
			isa = PBXSourcesBuildPhase;
			buildActionMask = 2147483647;
			files = (
				23516C221FD033DB00B465DD /* SyncWriteBenchmark.swift in Sources */,
				23516C151FD033DB00B465DD /* RandomData.swift in Sources */,
				23516C181FD033DB00B465DD /* BaselineReadBenchmark.swift in Sources */,
				23516C191FD033DB00B465DD /* BaselineWriteBenchmark.swift in Sources */,
				23516C231FD033DB00B465DD /* BaseTestCase.swift in Sources */,
				23516C1F1FD033DB00B465DD /* MultithreadReadReadBenchmark.swift in Sources */,
				23516C241FD033DB00B465DD /* Assert.swift in Sources */,
				23516C251FD033DB00B465DD /* Convenience.swift in Sources */,
				23516C1A1FD033DB00B465DD /* BaselineBatchWriteBenchmark.swift in Sources */,
				23516C161FD033DB00B465DD /* BaseBenchmark.swift in Sources */,
				23516C171FD033DB00B465DD /* BenchmarkObject.swift in Sources */,
				23516C1B1FD033DB00B465DD /* CipherReadBenchmark.swift in Sources */,
				23516C1D1FD033DB00B465DD /* MultithreadReadWriteBenchmark.swift in Sources */,
				23516C1C1FD033DB00B465DD /* CipherWriteBenchmark.swift in Sources */,
				23516C201FD033DB00B465DD /* BaseMultithreadBenchmark.swift in Sources */,
				23516C211FD033DB00B465DD /* InitializationBenchmark.swift in Sources */,
				23516C1E1FD033DB00B465DD /* MultithreadWriteWriteBenchmark.swift in Sources */,
				23516C141FD033DB00B465DD /* Config.swift in Sources */,
			);
			runOnlyForDeploymentPostprocessing = 0;
		};
/* End PBXSourcesBuildPhase section */

/* Begin PBXTargetDependency section */
		23B996DE1FDAB57200B0AF2E /* PBXTargetDependency */ = {
			isa = PBXTargetDependency;
			name = WCDB.swift;
			targetProxy = 23B996DD1FDAB57200B0AF2E /* PBXContainerItemProxy */;
		};
		23B996ED1FDAB59400B0AF2E /* PBXTargetDependency */ = {
			isa = PBXTargetDependency;
			name = WCDB.swift;
			targetProxy = 23B996EC1FDAB59400B0AF2E /* PBXContainerItemProxy */;
		};
/* End PBXTargetDependency section */

/* Begin XCBuildConfiguration section */
		23516BDE1FD033A900B465DD /* Debug */ = {
			isa = XCBuildConfiguration;
			buildSettings = {
				CODE_SIGN_STYLE = Automatic;
				COMBINE_HIDPI_IMAGES = YES;
				INFOPLIST_FILE = Info.plist;
				PRODUCT_NAME = "$(TARGET_NAME)";
				SWIFT_VERSION = 4.0;
			};
			name = Debug;
		};
		23516BDF1FD033A900B465DD /* Release */ = {
			isa = XCBuildConfiguration;
			buildSettings = {
				CODE_SIGN_STYLE = Automatic;
				COMBINE_HIDPI_IMAGES = YES;
				INFOPLIST_FILE = Info.plist;
				PRODUCT_NAME = "$(TARGET_NAME)";
				SWIFT_VERSION = 4.0;
			};
			name = Release;
		};
		23516C101FD033B700B465DD /* Debug */ = {
			isa = XCBuildConfiguration;
			buildSettings = {
				CODE_SIGN_STYLE = Automatic;
				COMBINE_HIDPI_IMAGES = YES;
				INFOPLIST_FILE = Info.plist;
				PRODUCT_NAME = "$(TARGET_NAME)";
				SWIFT_VERSION = 4.0;
			};
			name = Debug;
		};
		23516C111FD033B700B465DD /* Release */ = {
			isa = XCBuildConfiguration;
			buildSettings = {
				CODE_SIGN_STYLE = Automatic;
				COMBINE_HIDPI_IMAGES = YES;
				INFOPLIST_FILE = Info.plist;
				PRODUCT_NAME = "$(TARGET_NAME)";
				SWIFT_VERSION = 4.0;
			};
			name = Release;
		};
		23E9E02C1FC4132D005DE71C /* Debug */ = {
			isa = XCBuildConfiguration;
			buildSettings = {
				ALWAYS_EMBED_SWIFT_STANDARD_LIBRARIES = YES;
				ALWAYS_SEARCH_USER_PATHS = NO;
				"ARCHS[sdk=iphoneos*]" = (
					"$(ARCHS_STANDARD)",
					armv7,
					arm64,
				);
				"ARCHS[sdk=iphonesimulator*]" = (
					"$(ARCHS_STANDARD)",
					arm64,
					armv7,
				);
				"ARCHS[sdk=macosx*]" = "$(ARCHS_STANDARD)";
				CLANG_ANALYZER_NONNULL = YES;
				CLANG_ANALYZER_NUMBER_OBJECT_CONVERSION = YES_AGGRESSIVE;
				CLANG_CXX_LANGUAGE_STANDARD = "gnu++14";
				CLANG_CXX_LIBRARY = "libc++";
				CLANG_ENABLE_MODULES = YES;
				CLANG_ENABLE_OBJC_ARC = YES;
				CLANG_WARN_BLOCK_CAPTURE_AUTORELEASING = YES;
				CLANG_WARN_BOOL_CONVERSION = YES;
				CLANG_WARN_COMMA = YES;
				CLANG_WARN_CONSTANT_CONVERSION = YES;
				CLANG_WARN_DIRECT_OBJC_ISA_USAGE = YES_ERROR;
				CLANG_WARN_DOCUMENTATION_COMMENTS = YES;
				CLANG_WARN_EMPTY_BODY = YES;
				CLANG_WARN_ENUM_CONVERSION = YES;
				CLANG_WARN_INFINITE_RECURSION = YES;
				CLANG_WARN_INT_CONVERSION = YES;
				CLANG_WARN_NON_LITERAL_NULL_CONVERSION = YES;
				CLANG_WARN_OBJC_LITERAL_CONVERSION = YES;
				CLANG_WARN_OBJC_ROOT_CLASS = YES_ERROR;
				CLANG_WARN_RANGE_LOOP_ANALYSIS = YES;
				CLANG_WARN_STRICT_PROTOTYPES = YES;
				CLANG_WARN_SUSPICIOUS_MOVE = YES;
				CLANG_WARN_UNGUARDED_AVAILABILITY = YES_AGGRESSIVE;
				CLANG_WARN_UNREACHABLE_CODE = YES;
				CLANG_WARN__DUPLICATE_METHOD_MATCH = YES;
				CODE_SIGN_IDENTITY = "-";
				COPY_PHASE_STRIP = NO;
				DEBUG_INFORMATION_FORMAT = dwarf;
				EMBED_ASSET_PACKS_IN_PRODUCT_BUNDLE = YES;
				ENABLE_STRICT_OBJC_MSGSEND = YES;
				ENABLE_TESTABILITY = YES;
				GCC_C_LANGUAGE_STANDARD = gnu11;
				GCC_DYNAMIC_NO_PIC = NO;
				GCC_NO_COMMON_BLOCKS = YES;
				GCC_OPTIMIZATION_LEVEL = 0;
				GCC_PREPROCESSOR_DEFINITIONS = (
					"DEBUG=1",
					"$(inherited)",
				);
				GCC_WARN_64_TO_32_BIT_CONVERSION = YES;
				GCC_WARN_ABOUT_RETURN_TYPE = YES_ERROR;
				GCC_WARN_UNDECLARED_SELECTOR = YES;
				GCC_WARN_UNINITIALIZED_AUTOS = YES_AGGRESSIVE;
				GCC_WARN_UNUSED_FUNCTION = YES;
				GCC_WARN_UNUSED_VARIABLE = YES;
				IPHONEOS_DEPLOYMENT_TARGET = 8.0;
				LD_RUNPATH_SEARCH_PATHS = "@executable_path/Frameworks @loader_path/Frameworks @executable_path/../Frameworks @loader_path/../Frameworks";
				MACOSX_DEPLOYMENT_TARGET = 10.9;
				MTL_ENABLE_DEBUG_INFO = YES;
				ONLY_ACTIVE_ARCH = YES;
				OTHER_SWIFT_FLAGS = "-D DEBUG";
				"OTHER_SWIFT_FLAGS[sdk=iphoneos*]" = "-D DEBUG -D WCDB_IOS";
				"OTHER_SWIFT_FLAGS[sdk=iphonesimulator*]" = "-D DEBUG -D WCDB_IOS";
				"OTHER_SWIFT_FLAGS[sdk=macosx*]" = "-D DEBUG -D WCDB_OSX";
				SUPPORTED_PLATFORMS = "macosx iphonesimulator iphonesos";
				SWIFT_ACTIVE_COMPILATION_CONDITIONS = DEBUG;
				SWIFT_OPTIMIZATION_LEVEL = "-Onone";
				TVOS_DEPLOYMENT_TARGET = 9.0;
				VALID_ARCHS = "armv7 x86_64 arm64";
				WATCHOS_DEPLOYMENT_TARGET = 2.0;
			};
			name = Debug;
		};
		23E9E02D1FC4132D005DE71C /* Release */ = {
			isa = XCBuildConfiguration;
			buildSettings = {
				ALWAYS_EMBED_SWIFT_STANDARD_LIBRARIES = YES;
				ALWAYS_SEARCH_USER_PATHS = NO;
				"ARCHS[sdk=iphoneos*]" = (
					"$(ARCHS_STANDARD)",
					armv7,
					arm64,
				);
				"ARCHS[sdk=iphonesimulator*]" = (
					"$(ARCHS_STANDARD)",
					armv7,
					arm64,
				);
				"ARCHS[sdk=macosx*]" = "$(ARCHS_STANDARD)";
				CLANG_ANALYZER_NONNULL = YES;
				CLANG_ANALYZER_NUMBER_OBJECT_CONVERSION = YES_AGGRESSIVE;
				CLANG_CXX_LANGUAGE_STANDARD = "gnu++14";
				CLANG_CXX_LIBRARY = "libc++";
				CLANG_ENABLE_MODULES = YES;
				CLANG_ENABLE_OBJC_ARC = YES;
				CLANG_WARN_BLOCK_CAPTURE_AUTORELEASING = YES;
				CLANG_WARN_BOOL_CONVERSION = YES;
				CLANG_WARN_COMMA = YES;
				CLANG_WARN_CONSTANT_CONVERSION = YES;
				CLANG_WARN_DIRECT_OBJC_ISA_USAGE = YES_ERROR;
				CLANG_WARN_DOCUMENTATION_COMMENTS = YES;
				CLANG_WARN_EMPTY_BODY = YES;
				CLANG_WARN_ENUM_CONVERSION = YES;
				CLANG_WARN_INFINITE_RECURSION = YES;
				CLANG_WARN_INT_CONVERSION = YES;
				CLANG_WARN_NON_LITERAL_NULL_CONVERSION = YES;
				CLANG_WARN_OBJC_LITERAL_CONVERSION = YES;
				CLANG_WARN_OBJC_ROOT_CLASS = YES_ERROR;
				CLANG_WARN_RANGE_LOOP_ANALYSIS = YES;
				CLANG_WARN_STRICT_PROTOTYPES = YES;
				CLANG_WARN_SUSPICIOUS_MOVE = YES;
				CLANG_WARN_UNGUARDED_AVAILABILITY = YES_AGGRESSIVE;
				CLANG_WARN_UNREACHABLE_CODE = YES;
				CLANG_WARN__DUPLICATE_METHOD_MATCH = YES;
				CODE_SIGN_IDENTITY = "-";
				COPY_PHASE_STRIP = NO;
				DEBUG_INFORMATION_FORMAT = "dwarf-with-dsym";
				EMBED_ASSET_PACKS_IN_PRODUCT_BUNDLE = YES;
				ENABLE_NS_ASSERTIONS = NO;
				ENABLE_STRICT_OBJC_MSGSEND = YES;
				GCC_C_LANGUAGE_STANDARD = gnu11;
				GCC_NO_COMMON_BLOCKS = YES;
				GCC_WARN_64_TO_32_BIT_CONVERSION = YES;
				GCC_WARN_ABOUT_RETURN_TYPE = YES_ERROR;
				GCC_WARN_UNDECLARED_SELECTOR = YES;
				GCC_WARN_UNINITIALIZED_AUTOS = YES_AGGRESSIVE;
				GCC_WARN_UNUSED_FUNCTION = YES;
				GCC_WARN_UNUSED_VARIABLE = YES;
				IPHONEOS_DEPLOYMENT_TARGET = 8.0;
				LD_RUNPATH_SEARCH_PATHS = "@executable_path/Frameworks @loader_path/Frameworks @executable_path/../Frameworks @loader_path/../Frameworks";
				MACOSX_DEPLOYMENT_TARGET = 10.9;
				MTL_ENABLE_DEBUG_INFO = NO;
				OTHER_SWIFT_FLAGS = "-D DEBUG";
				"OTHER_SWIFT_FLAGS[sdk=iphoneos*]" = "-D DEBUG -D WCDB_IOS";
				"OTHER_SWIFT_FLAGS[sdk=iphonesimulator*]" = "-D DEBUG -D WCDB_IOS";
				"OTHER_SWIFT_FLAGS[sdk=macosx*]" = "-D DEBUG -D WCDB_OSX";
				SUPPORTED_PLATFORMS = "macosx iphonesimulator iphonesos";
				SWIFT_OPTIMIZATION_LEVEL = "-Owholemodule";
				TVOS_DEPLOYMENT_TARGET = 9.0;
				VALID_ARCHS = "armv7 x86_64 arm64";
				WATCHOS_DEPLOYMENT_TARGET = 2.0;
			};
			name = Release;
		};
/* End XCBuildConfiguration section */

/* Begin XCConfigurationList section */
		23516BDD1FD033A900B465DD /* Build configuration list for PBXNativeTarget "All Testcases" */ = {
			isa = XCConfigurationList;
			buildConfigurations = (
				23516BDE1FD033A900B465DD /* Debug */,
				23516BDF1FD033A900B465DD /* Release */,
			);
			defaultConfigurationIsVisible = 0;
			defaultConfigurationName = Release;
		};
		23516C0F1FD033B700B465DD /* Build configuration list for PBXNativeTarget "All Benchmarks" */ = {
			isa = XCConfigurationList;
			buildConfigurations = (
				23516C101FD033B700B465DD /* Debug */,
				23516C111FD033B700B465DD /* Release */,
			);
			defaultConfigurationIsVisible = 0;
			defaultConfigurationName = Release;
		};
		23E9E0221FC4132D005DE71C /* Build configuration list for PBXProject "testcase" */ = {
			isa = XCConfigurationList;
			buildConfigurations = (
				23E9E02C1FC4132D005DE71C /* Debug */,
				23E9E02D1FC4132D005DE71C /* Release */,
			);
			defaultConfigurationIsVisible = 0;
			defaultConfigurationName = Release;
		};
/* End XCConfigurationList section */
	};
	rootObject = 23E9E01F1FC4132D005DE71C /* Project object */;
}
