<?xml version="1.0" encoding="UTF-8"?>
<Scheme
   LastUpgradeVersion = "0900"
   version = "1.3">
   <BuildAction
      parallelizeBuildables = "YES"
      buildImplicitDependencies = "YES">
      <BuildActionEntries>
         <BuildActionEntry
            buildForTesting = "YES"
            buildForRunning = "YES"
            buildForProfiling = "YES"
            buildForArchiving = "YES"
            buildForAnalyzing = "YES">
            <BuildableReference
               BuildableIdentifier = "primary"
               BlueprintIdentifier = "239326601E836D7300D677CC"
               BuildableName = "WCDB.framework"
               BlueprintName = "WCDB"
               ReferencedContainer = "container:WCDB.xcodeproj">
            </BuildableReference>
         </BuildActionEntry>
      </BuildActionEntries>
   </BuildAction>
   <TestAction
      buildConfiguration = "Debug"
      selectedDebuggerIdentifier = "Xcode.DebuggerFoundation.Debugger.LLDB"
      selectedLauncherIdentifier = "Xcode.DebuggerFoundation.Launcher.LLDB"
      shouldUseLaunchSchemeArgsEnv = "YES">
      <Testables>
         <TestableReference
            skipped = "NO">
            <BuildableReference
               BuildableIdentifier = "primary"
               BlueprintIdentifier = "23BA6B40208CE13E005CAFB7"
               BuildableName = "ChainCall Tests.xctest"
               BlueprintName = "ChainCall Tests"
               ReferencedContainer = "container:testcase/testcase.xcodeproj">
            </BuildableReference>
         </TestableReference>
         <TestableReference
            skipped = "NO">
            <BuildableReference
               BuildableIdentifier = "primary"
               BlueprintIdentifier = "23BA6B64208CE140005CAFB7"
               BuildableName = "Convenient Tests.xctest"
               BlueprintName = "Convenient Tests"
               ReferencedContainer = "container:testcase/testcase.xcodeproj">
            </BuildableReference>
         </TestableReference>
         <TestableReference
            skipped = "NO">
            <BuildableReference
               BuildableIdentifier = "primary"
               BlueprintIdentifier = "23BA6B52208CE13F005CAFB7"
               BuildableName = "Database Tests.xctest"
               BlueprintName = "Database Tests"
               ReferencedContainer = "container:testcase/testcase.xcodeproj">
            </BuildableReference>
         </TestableReference>
         <TestableReference
            skipped = "NO">
            <BuildableReference
               BuildableIdentifier = "primary"
               BlueprintIdentifier = "23BA6937208CE0AC005CAFB7"
               BuildableName = "FTS Tests.xctest"
               BlueprintName = "FTS Tests"
               ReferencedContainer = "container:testcase/testcase.xcodeproj">
            </BuildableReference>
         </TestableReference>
         <TestableReference
            skipped = "NO">
            <BuildableReference
               BuildableIdentifier = "primary"
               BlueprintIdentifier = "23BA6B1C208CE13A005CAFB7"
               BuildableName = "Handle Tests.xctest"
               BlueprintName = "Handle Tests"
               ReferencedContainer = "container:testcase/testcase.xcodeproj">
            </BuildableReference>
         </TestableReference>
         <TestableReference
            skipped = "NO">
            <BuildableReference
               BuildableIdentifier = "primary"
               BlueprintIdentifier = "23BA6AE6208CE12D005CAFB7"
               BuildableName = "Migration Tests.xctest"
               BlueprintName = "Migration Tests"
               ReferencedContainer = "container:testcase/testcase.xcodeproj">
            </BuildableReference>
         </TestableReference>
         <TestableReference
            skipped = "NO">
            <BuildableReference
               BuildableIdentifier = "primary"
               BlueprintIdentifier = "23BA6AF8208CE132005CAFB7"
               BuildableName = "ORM Tests.xctest"
               BlueprintName = "ORM Tests"
               ReferencedContainer = "container:testcase/testcase.xcodeproj">
            </BuildableReference>
         </TestableReference>
         <TestableReference
            skipped = "NO">
            <BuildableReference
               BuildableIdentifier = "primary"
               BlueprintIdentifier = "23BA6B2E208CE13C005CAFB7"
               BuildableName = "Table Tests.xctest"
               BlueprintName = "Table Tests"
               ReferencedContainer = "container:testcase/testcase.xcodeproj">
            </BuildableReference>
         </TestableReference>
         <TestableReference
            skipped = "NO">
            <BuildableReference
               BuildableIdentifier = "primary"
               BlueprintIdentifier = "23BA6B0A208CE139005CAFB7"
               BuildableName = "Transaction Tests.xctest"
               BlueprintName = "Transaction Tests"
               ReferencedContainer = "container:testcase/testcase.xcodeproj">
            </BuildableReference>
         </TestableReference>
         <TestableReference
            skipped = "NO">
            <BuildableReference
               BuildableIdentifier = "primary"
               BlueprintIdentifier = "23BA6B76208CE142005CAFB7"
               BuildableName = "WINQ Tests.xctest"
               BlueprintName = "WINQ Tests"
               ReferencedContainer = "container:testcase/testcase.xcodeproj">
            </BuildableReference>
         </TestableReference>
      </Testables>
      <MacroExpansion>
         <BuildableReference
            BuildableIdentifier = "primary"
            BlueprintIdentifier = "239326601E836D7300D677CC"
            BuildableName = "WCDB.framework"
            BlueprintName = "WCDB"
            ReferencedContainer = "container:WCDB.xcodeproj">
         </BuildableReference>
      </MacroExpansion>
      <AdditionalOptions>
      </AdditionalOptions>
   </TestAction>
   <LaunchAction
      buildConfiguration = "Debug"
      selectedDebuggerIdentifier = "Xcode.DebuggerFoundation.Debugger.LLDB"
      selectedLauncherIdentifier = "Xcode.DebuggerFoundation.Launcher.LLDB"
      launchStyle = "0"
      useCustomWorkingDirectory = "NO"
      ignoresPersistentStateOnLaunch = "NO"
      debugDocumentVersioning = "YES"
      debugServiceExtension = "internal"
      allowLocationSimulation = "YES">
      <MacroExpansion>
         <BuildableReference
            BuildableIdentifier = "primary"
            BlueprintIdentifier = "239326601E836D7300D677CC"
            BuildableName = "WCDB.framework"
            BlueprintName = "WCDB"
            ReferencedContainer = "container:WCDB.xcodeproj">
         </BuildableReference>
      </MacroExpansion>
      <AdditionalOptions>
      </AdditionalOptions>
   </LaunchAction>
   <ProfileAction
      buildConfiguration = "Release"
      shouldUseLaunchSchemeArgsEnv = "YES"
      savedToolIdentifier = ""
      useCustomWorkingDirectory = "NO"
      debugDocumentVersioning = "YES">
      <MacroExpansion>
         <BuildableReference
            BuildableIdentifier = "primary"
            BlueprintIdentifier = "239326601E836D7300D677CC"
            BuildableName = "WCDB.framework"
            BlueprintName = "WCDB"
            ReferencedContainer = "container:WCDB.xcodeproj">
         </BuildableReference>
      </MacroExpansion>
   </ProfileAction>
   <AnalyzeAction
      buildConfiguration = "Debug">
   </AnalyzeAction>
   <ArchiveAction
      buildConfiguration = "Release"
      revealArchiveInOrganizer = "YES">
   </ArchiveAction>
</Scheme>
