<?xml version="1.0" encoding="utf-8"?>
<Project ToolsVersion="4.0" xmlns="http://schemas.microsoft.com/developer/msbuild/2003">
  <ItemGroup>
    <Filter Include="fts">
      <UniqueIdentifier>{88949b2d-c088-421d-8adc-c88d525ccc6c}</UniqueIdentifier>
    </Filter>
    <Filter Include="backup">
      <UniqueIdentifier>{2b205304-1b0b-42af-b352-c56e4e2dc3a8}</UniqueIdentifier>
    </Filter>
    <Filter Include="repair">
      <UniqueIdentifier>{4519145e-07f2-415d-a663-63f65370e770}</UniqueIdentifier>
    </Filter>
    <Filter Include="android">
      <UniqueIdentifier>{f05ed4f8-6794-4791-b7ee-6be371c604de}</UniqueIdentifier>
    </Filter>
    <Filter Include="vfslog">
      <UniqueIdentifier>{f9107fc7-0937-49e6-a672-fcb12b26ed98}</UniqueIdentifier>
    </Filter>
    <Filter Include="icucompat">
      <UniqueIdentifier>{ec8138d7-5d7d-4254-a46c-e81997ddc60f}</UniqueIdentifier>
    </Filter>
  </ItemGroup>
  <ItemGroup>
    <ClInclude Include="..\src\fts\fts3_tokenizer.h">
      <Filter>fts</Filter>
    </ClInclude>
    <ClInclude Include="..\src\fts\mm_fts.h">
      <Filter>fts</Filter>
    </ClInclude>
    <ClInclude Include="..\src\backup\mm_backup.h">
      <Filter>backup</Filter>
    </ClInclude>
    <ClInclude Include="..\src\repair\sqliterk_crypto.h">
      <Filter>repair</Filter>
    </ClInclude>
    <ClInclude Include="..\src\repair\sqliterk_os.h">
      <Filter>repair</Filter>
    </ClInclude>
    <ClInclude Include="..\src\repair\sqliterk_pager.h">
      <Filter>repair</Filter>
    </ClInclude>
    <ClInclude Include="..\src\repair\sqliterk_util.h">
      <Filter>repair</Filter>
    </ClInclude>
    <ClInclude Include="..\src\repair\sqliterk_values.h">
      <Filter>repair</Filter>
    </ClInclude>
    <ClInclude Include="..\src\repair\SQLiteRepairKit.h">
      <Filter>repair</Filter>
    </ClInclude>
    <ClInclude Include="..\src\repair\sqliterk.h">
      <Filter>repair</Filter>
    </ClInclude>
    <ClInclude Include="..\src\repair\sqliterk_btree.h">
      <Filter>repair</Filter>
    </ClInclude>
    <ClInclude Include="..\src\repair\sqliterk_column.h">
      <Filter>repair</Filter>
    </ClInclude>
    <ClInclude Include="..\src\android\CursorWindow.h">
      <Filter>android</Filter>
    </ClInclude>
    <ClInclude Include="..\src\android\ModuleLoader.h">
      <Filter>android</Filter>
    </ClInclude>
    <ClInclude Include="..\src\android\SQLiteConnection.h">
      <Filter>android</Filter>
    </ClInclude>
    <ClInclude Include="..\src\android\Logger.h">
      <Filter>android</Filter>
    </ClInclude>
    <ClInclude Include="..\src\android\Errors.h">
      <Filter>android</Filter>
    </ClInclude>
    <ClInclude Include="..\src\android\JNIHelp.h">
      <Filter>android</Filter>
    </ClInclude>
    <ClInclude Include="..\src\android\Unicode.h">
      <Filter>android</Filter>
    </ClInclude>
    <ClInclude Include="..\src\android\SQLiteCommon.h">
      <Filter>android</Filter>
    </ClInclude>
    <ClInclude Include="..\src\android\ChunkedCursorWindow.h">
      <Filter>android</Filter>
    </ClInclude>
    <ClInclude Include="..\src\android\Mutex.h">
      <Filter>android</Filter>
    </ClInclude>
    <ClInclude Include="..\src\vfslog\vfslog.h">
      <Filter>vfslog</Filter>
    </ClInclude>
    <ClInclude Include="..\src\icucompat\icucompat.h">
      <Filter>icucompat</Filter>
    </ClInclude>
    <ClInclude Include="..\src\icucompat\icuprototype.h">
      <Filter>icucompat</Filter>
    </ClInclude>
  </ItemGroup>
  <ItemGroup>
    <ClCompile Include="..\src\fts\mm_cipher.c">
      <Filter>fts</Filter>
    </ClCompile>
    <ClCompile Include="..\src\fts\mm_sqliteext.c">
      <Filter>fts</Filter>
    </ClCompile>
    <ClCompile Include="..\src\fts\mm_tokenizer.c">
      <Filter>fts</Filter>
    </ClCompile>
    <ClCompile Include="..\src\fts\mm_utils.c">
      <Filter>fts</Filter>
    </ClCompile>
    <ClCompile Include="..\src\backup\mm_backup.c">
      <Filter>backup</Filter>
    </ClCompile>
    <ClCompile Include="..\src\backup\mm_recover.c">
      <Filter>backup</Filter>
    </ClCompile>
    <ClCompile Include="..\src\repair\sqliterk_crypto.c">
      <Filter>repair</Filter>
    </ClCompile>
    <ClCompile Include="..\src\repair\sqliterk_os.c">
      <Filter>repair</Filter>
    </ClCompile>
    <ClCompile Include="..\src\repair\sqliterk_output.cpp">
      <Filter>repair</Filter>
    </ClCompile>
    <ClCompile Include="..\src\repair\sqliterk_pager.c">
      <Filter>repair</Filter>
    </ClCompile>
    <ClCompile Include="..\src\repair\sqliterk_util.c">
      <Filter>repair</Filter>
    </ClCompile>
    <ClCompile Include="..\src\repair\sqliterk_values.c">
      <Filter>repair</Filter>
    </ClCompile>
    <ClCompile Include="..\src\repair\sqliterk.c">
      <Filter>repair</Filter>
    </ClCompile>
    <ClCompile Include="..\src\repair\sqliterk_api.c">
      <Filter>repair</Filter>
    </ClCompile>
    <ClCompile Include="..\src\repair\sqliterk_btree.c">
      <Filter>repair</Filter>
    </ClCompile>
    <ClCompile Include="..\src\repair\sqliterk_column.c">
      <Filter>repair</Filter>
    </ClCompile>
    <ClCompile Include="..\src\android\CursorWindow.cpp">
      <Filter>android</Filter>
    </ClCompile>
    <ClCompile Include="..\src\android\ModuleLoader.c">
      <Filter>android</Filter>
    </ClCompile>
    <ClCompile Include="..\src\android\com_tencent_mmdb_CursorWindow.cpp">
      <Filter>android</Filter>
    </ClCompile>
    <ClCompile Include="..\src\android\com_tencent_mmdb_database_SQLiteConnection.cpp">
      <Filter>android</Filter>
    </ClCompile>
    <ClCompile Include="..\src\android\com_tencent_mmdb_database_SQLiteDebug.cpp">
      <Filter>android</Filter>
    </ClCompile>
    <ClCompile Include="..\src\android\com_tencent_mmdb_database_SQLiteGlobal.cpp">
      <Filter>android</Filter>
    </ClCompile>
    <ClCompile Include="..\src\android\com_tencent_mmdb_FileUtils.cpp">
      <Filter>android</Filter>
    </ClCompile>
    <ClCompile Include="..\src\android\com_tencent_mmdb_repair_Backup.cpp">
      <Filter>android</Filter>
    </ClCompile>
    <ClCompile Include="..\src\android\com_tencent_mmdb_repair_RepairKit.cpp">
      <Filter>android</Filter>
    </ClCompile>
    <ClCompile Include="..\src\android\Logger.c">
      <Filter>android</Filter>
    </ClCompile>
    <ClCompile Include="..\src\android\JNIHelp.cpp">
      <Filter>android</Filter>
    </ClCompile>
    <ClCompile Include="..\src\android\Unicode.cpp">
      <Filter>android</Filter>
    </ClCompile>
    <ClCompile Include="..\src\android\SQLiteCommon.cpp">
      <Filter>android</Filter>
    </ClCompile>
    <ClCompile Include="..\src\android\com_tencent_mmdb_support_Log.cpp">
      <Filter>android</Filter>
    </ClCompile>
    <ClCompile Include="..\src\android\com_tencent_mmdb_repair_DBDumpUtil.cpp">
      <Filter>android</Filter>
    </ClCompile>
    <ClCompile Include="..\src\android\ChunkedCursorWindow.cpp">
      <Filter>android</Filter>
    </ClCompile>
    <ClCompile Include="..\src\android\com_tencent_mmdb_database_SQLiteDirectQuery.cpp">
      <Filter>android</Filter>
    </ClCompile>
    <ClCompile Include="..\src\android\com_tencent_mmdb_database_ChunkedCursorWindow.cpp">
      <Filter>android</Filter>
    </ClCompile>
    <ClCompile Include="..\src\vfslog\vfslog.c">
      <Filter>vfslog</Filter>
    </ClCompile>
    <ClCompile Include="..\src\icucompat\icucompat.c">
      <Filter>icucompat</Filter>
    </ClCompile>
  </ItemGroup>
</Project>